github.com/codemodify/systemkit-logging v1.9.3 h1:ZcKRdKSnQErYriY7WTMreuEyw7aoMO+9m/QRm3aM11E=
github.com/codemodify/systemkit-logging v1.9.3/go.mod h1:aTT5ZIgAiVURSNMcmXFPfnTfq+af5T+xrpf0Q5sNmNU=
golang.org/x/sys v0.0.0-20210123231150-1d476976d117 h1:M1sK0uTIn2x3HD5sySUPBg7ml5hmlQ/t7n7cIM6My9w=
golang.org/x/sys v0.0.0-20210123231150-1d476976d117/go.mod h1:h1NjWce9XRLGQEsW7wpKNCjG9DtNlClVuFLEZdDNbEs=
